{
    "_readme": [
        "This file locks the dependencies of your project to a known state",
        "Read more about it at https://getcomposer.org/doc/01-basic-usage.md#installing-dependencies",
        "This file is @generated automatically"
    ],
    "content-hash": "d44aa7020b6b2a32cf99806be750e271",
    "packages": [
        {
            "name": "elementaryframework/water-pipe",
            "version": "v1.3.0",
            "source": {
                "type": "git",
                "url": "https://github.com/ElementaryFramework/WaterPipe.git",
                "reference": "433e6ea0e48812c9eeaf7d65153d3680d01ba125"
            },
            "dist": {
                "type": "zip",
                "url": "https://api.github.com/repos/ElementaryFramework/WaterPipe/zipball/433e6ea0e48812c9eeaf7d65153d3680d01ba125",
                "reference": "433e6ea0e48812c9eeaf7d65153d3680d01ba125",
                "shasum": ""
            },
            "require": {
                "ext-curl": "*",
                "php": "^7.1.10"
            },
            "require-dev": {
                "phpunit/phpunit": "^7"
            },
            "type": "library",
            "autoload": {
                "psr-4": {
                    "ElementaryFramework\\WaterPipe\\": "src/WaterPipe/"
                }
            },
            "notification-url": "https://packagist.org/downloads/",
            "license": [
                "MIT"
            ],
            "authors": [
                {
                    "name": "Axel Nana",
                    "email": "ax.lnana@outlook.com"
                }
            ],
            "description": "URL routing framework and requests/responses handler for PHP",
            "keywords": [
                "api",
                "delete",
                "get",
                "http",
                "https",
                "middleware",
                "post",
                "put",
                "request",
                "response",
                "rest",
                "rewriting",
                "routing",
                "url"
            ],
            "time": "2019-11-21T08:16:43+00:00"
        },
        {
            "name": "helhum/dotenv-connector",
            "version": "v2.3.1",
            "source": {
                "type": "git",
                "url": "https://github.com/helhum/dotenv-connector.git",
                "reference": "9ce9bb6ba94e09536b7345ad22a42bdcfbdfef90"
            },
            "dist": {
                "type": "zip",
                "url": "https://api.github.com/repos/helhum/dotenv-connector/zipball/9ce9bb6ba94e09536b7345ad22a42bdcfbdfef90",
                "reference": "9ce9bb6ba94e09536b7345ad22a42bdcfbdfef90",
                "shasum": ""
            },
            "require": {
                "composer-plugin-api": "^1.0 || ^2.0",
                "php": "^7.0",
                "symfony/dotenv": "^3.3.0 || ^4.0 || ^5.0"
            },
            "conflict": {
                "symfony/dotenv": ">=5.1.0"
            },
            "require-dev": {
                "composer/composer": "^1.0 || 2.0.*@dev",
                "composer/semver": "^1.0 || 2.0.*@dev",
                "mikey179/vfsstream": "^1.6.0",
                "phpunit/phpunit": "^5"
            },
            "type": "composer-plugin",
            "extra": {
                "class": "Helhum\\DotEnvConnector\\Plugin",
                "branch-alias": {
                    "dev-master": "2.0.x-dev"
                }
            },
            "autoload": {
                "psr-4": {
                    "Helhum\\DotEnvConnector\\": "src/"
                }
            },
            "notification-url": "https://packagist.org/downloads/",
            "license": [
                "MIT"
            ],
            "authors": [
                {
                    "name": "Helmut Hummel",
                    "email": "info@helhum.io"
                }
            ],
            "description": "Makes it possible to set environment variables for composer projects.",
            "homepage": "https://github.com/helhum/dotenv-connector",
            "keywords": [
                "12factor",
                "composer",
                "dotenv",
                "env"
            ],
            "funding": [
                {
                    "url": "https://www.paypal.me/helhum/19.99",
                    "type": "custom"
                },
                {
                    "url": "https://github.com/helhum",
                    "type": "github"
                }
            ],
            "time": "2020-06-01T16:26:28+00:00"
        },
        {
            "name": "pixelbrackets/html5-mini-template",
            "version": "1.7.0",
            "source": {
                "type": "git",
                "url": "https://gitlab.com/pixelbrackets/html5-mini-template.git",
                "reference": "8cbe3b7a2c489b5730c1323a4935681ae0d174c0"
            },
            "dist": {
                "type": "zip",
                "url": "https://gitlab.com/api/v4/projects/pixelbrackets%2Fhtml5-mini-template/repository/archive.zip?sha=8cbe3b7a2c489b5730c1323a4935681ae0d174c0",
                "reference": "8cbe3b7a2c489b5730c1323a4935681ae0d174c0",
                "shasum": ""
            },
            "type": "library",
            "autoload": {
                "psr-4": {
                    "Pixelbrackets\\Html5MiniTemplate\\": "src/"
                }
            },
            "notification-url": "https://packagist.org/downloads/",
            "license": [
                "GPL-2.0-or-later"
            ],
            "description": "HTML5 Mini Template for quick rendering of status pages, TOC pages, or any other minimal single-serving site",
            "time": "2020-05-11T13:59:21+00:00"
        },
        {
            "name": "symfony/dotenv",
            "version": "v5.0.11",
            "source": {
                "type": "git",
                "url": "https://github.com/symfony/dotenv.git",
                "reference": "efd887f012127acad22325d109fe8ddf635f1f97"
            },
            "dist": {
                "type": "zip",
                "url": "https://api.github.com/repos/symfony/dotenv/zipball/efd887f012127acad22325d109fe8ddf635f1f97",
                "reference": "efd887f012127acad22325d109fe8ddf635f1f97",
                "shasum": ""
            },
            "require": {
                "php": ">=7.2.5"
            },
            "require-dev": {
                "symfony/process": "^4.4|^5.0"
            },
            "type": "library",
            "extra": {
                "branch-alias": {
                    "dev-master": "5.0-dev"
                }
            },
            "autoload": {
                "psr-4": {
                    "Symfony\\Component\\Dotenv\\": ""
                },
                "exclude-from-classmap": [
                    "/Tests/"
                ]
            },
            "notification-url": "https://packagist.org/downloads/",
            "license": [
                "MIT"
            ],
            "authors": [
                {
                    "name": "Fabien Potencier",
                    "email": "fabien@symfony.com"
                },
                {
                    "name": "Symfony Community",
                    "homepage": "https://symfony.com/contributors"
                }
            ],
            "description": "Registers environment variables from a .env file",
            "homepage": "https://symfony.com",
            "keywords": [
                "dotenv",
                "env",
                "environment"
            ],
            "funding": [
                {
                    "url": "https://symfony.com/sponsor",
                    "type": "custom"
                },
                {
                    "url": "https://github.com/fabpot",
                    "type": "github"
                },
                {
                    "url": "https://tidelift.com/funding/github/packagist/symfony/symfony",
                    "type": "tidelift"
                }
            ],
            "time": "2020-05-28T08:20:26+00:00"
        }
    ],
    "packages-dev": [],
    "aliases": [],
    "minimum-stability": "stable",
    "stability-flags": [],
    "prefer-stable": false,
    "prefer-lowest": false,
    "platform": [],
    "platform-dev": [],
    "plugin-api-version": "1.1.0"
}
