{
    "_readme": [
        "This file locks the dependencies of your project to a known state",
        "Read more about it at https://getcomposer.org/doc/01-basic-usage.md#installing-dependencies",
        "This file is @generated automatically"
    ],
    "content-hash": "c3438fab8ba2f0faa44e23a4779c5c12",
    "packages": [
        {
            "name": "elementaryframework/water-pipe",
            "version": "v1.3.0",
            "source": {
                "type": "git",
                "url": "https://github.com/ElementaryFramework/WaterPipe.git",
                "reference": "433e6ea0e48812c9eeaf7d65153d3680d01ba125"
            },
            "dist": {
                "type": "zip",
                "url": "https://api.github.com/repos/ElementaryFramework/WaterPipe/zipball/433e6ea0e48812c9eeaf7d65153d3680d01ba125",
                "reference": "433e6ea0e48812c9eeaf7d65153d3680d01ba125",
                "shasum": ""
            },
            "require": {
                "ext-curl": "*",
                "php": "^7.1.10"
            },
            "require-dev": {
                "phpunit/phpunit": "^7"
            },
            "type": "library",
            "autoload": {
                "psr-4": {
                    "ElementaryFramework\\WaterPipe\\": "src/WaterPipe/"
                }
            },
            "notification-url": "https://packagist.org/downloads/",
            "license": [
                "MIT"
            ],
            "authors": [
                {
                    "name": "Axel Nana",
                    "email": "ax.lnana@outlook.com"
                }
            ],
            "description": "URL routing framework and requests/responses handler for PHP",
            "keywords": [
                "api",
                "delete",
                "get",
                "http",
                "https",
                "middleware",
                "post",
                "put",
                "request",
                "response",
                "rest",
                "rewriting",
                "routing",
                "url"
            ],
            "time": "2019-11-21T08:16:43+00:00"
        },
        {
            "name": "pixelbrackets/html5-mini-template",
            "version": "1.7.0",
            "source": {
                "type": "git",
                "url": "https://gitlab.com/pixelbrackets/html5-mini-template.git",
                "reference": "8cbe3b7a2c489b5730c1323a4935681ae0d174c0"
            },
            "dist": {
                "type": "zip",
                "url": "https://gitlab.com/api/v4/projects/pixelbrackets%2Fhtml5-mini-template/repository/archive.zip?sha=8cbe3b7a2c489b5730c1323a4935681ae0d174c0",
                "reference": "8cbe3b7a2c489b5730c1323a4935681ae0d174c0",
                "shasum": ""
            },
            "type": "library",
            "autoload": {
                "psr-4": {
                    "Pixelbrackets\\Html5MiniTemplate\\": "src/"
                }
            },
            "notification-url": "https://packagist.org/downloads/",
            "license": [
                "GPL-2.0-or-later"
            ],
            "description": "HTML5 Mini Template for quick rendering of status pages, TOC pages, or any other minimal single-serving site",
            "time": "2020-05-11T13:59:21+00:00"
        }
    ],
    "packages-dev": [],
    "aliases": [],
    "minimum-stability": "stable",
    "stability-flags": [],
    "prefer-stable": false,
    "prefer-lowest": false,
    "platform": [],
    "platform-dev": [],
    "plugin-api-version": "1.1.0"
}
